
Microsoft Visual Studio Solution File, Format Version 12.00
# Visual Studio Version 16
VisualStudioVersion = 16.0.36107.64
MinimumVisualStudioVersion = 10.0.40219.1
Project("{F184B08F-C81C-45F6-A57F-5ABD9991F28F}") = "BasicTest", "BasicTest.vbproj", "{DE68012B-0C68-42A6-88A6-7BA77032E727}"
EndProject
Project("{2150E333-8FDC-42A3-9474-1A3956D46DE8}") = "Solution Items", "Solution Items", "{52C0C5B1-FFFF-4E02-8B8A-5B9713D4E588}"
	ProjectSection(SolutionItems) = preProject
		.editorconfig = .editorconfig
	EndProjectSection
EndProject
Global
	GlobalSection(SolutionConfigurationPlatforms) = preSolution
		Debug|Any CPU = Debug|Any CPU
		Release|Any CPU = Release|Any CPU
	EndGlobalSection
	GlobalSection(ProjectConfigurationPlatforms) = postSolution
		{DE68012B-0C68-42A6-88A6-7BA77032E727}.Debug|Any CPU.ActiveCfg = Debug|Any CPU
		{DE68012B-0C68-42A6-88A6-7BA77032E727}.Debug|Any CPU.Build.0 = Debug|Any CPU
		{DE68012B-0C68-42A6-88A6-7BA77032E727}.Release|Any CPU.ActiveCfg = Release|Any CPU
		{DE68012B-0C68-42A6-88A6-7BA77032E727}.Release|Any CPU.Build.0 = Release|Any CPU
	EndGlobalSection
	GlobalSection(SolutionProperties) = preSolution
		HideSolutionNode = FALSE
	EndGlobalSection
	GlobalSection(ExtensibilityGlobals) = postSolution
		SolutionGuid = {25DFAFA9-68E8-4DFD-BBDD-383B4888FD5B}
	EndGlobalSection
EndGlobal
